{
    "hash": "c9196f93a9011e7becf9516f28a710ce",
    "packages": [
        {
            "package": "symfony/class-loader",
            "version": "dev-master",
            "source-reference": "cd1550a4a6c0794b6b109af2db43fde6e18ee363",
            "alias": "2.1.9999999.9999999-dev"
        }
    ],
    "aliases": []
}
